
Microsoft Visual Studio Solution File, Format Version 10.00
# Visual Studio 2008
Project("{8BC9CEB8-8B4A-11D0-8D11-00A0C91BC942}") = "OpenGLForm", "OpenGLForm\OpenGLForm.vcproj", "{FD7E8A18-664A-4D41-BA0E-3E4AA0EAD4FF}"
	ProjectSection(ProjectDependencies) = postProject
		{5BE06B86-17BF-4AA3-BDDB-D41F4898C2BD} = {5BE06B86-17BF-4AA3-BDDB-D41F4898C2BD}
	EndProjectSection
EndProject
Project("{8BC9CEB8-8B4A-11D0-8D11-00A0C91BC942}") = "NativeApp", "NativeApp\NativeApp.vcproj", "{4805C5C8-7E36-43C9-B987-2C40C3AD0F36}"
EndProject
Project("{8BC9CEB8-8B4A-11D0-8D11-00A0C91BC942}") = "WrappedNativeApp", "WrappedNativeApp\WrappedNativeApp.vcproj", "{334D7CCA-9BEB-4A79-B2D4-4B50E1A8274F}"
	ProjectSection(ProjectDependencies) = postProject
		{5BE06B86-17BF-4AA3-BDDB-D41F4898C2BD} = {5BE06B86-17BF-4AA3-BDDB-D41F4898C2BD}
		{4805C5C8-7E36-43C9-B987-2C40C3AD0F36} = {4805C5C8-7E36-43C9-B987-2C40C3AD0F36}
	EndProjectSection
EndProject
Project("{FAE04EC0-301F-11D3-BF4B-00C04F79EFBC}") = "OpenGLFormApplication", "OpenGLFormApplication\OpenGLFormApplication.csproj", "{101D19EB-1EE3-4F07-B5DB-B9AD8EE485E1}"
	ProjectSection(ProjectDependencies) = postProject
		{FCFAB17B-AB3B-4BD9-AA95-0734CBB3AB7E} = {FCFAB17B-AB3B-4BD9-AA95-0734CBB3AB7E}
		{5BE06B86-17BF-4AA3-BDDB-D41F4898C2BD} = {5BE06B86-17BF-4AA3-BDDB-D41F4898C2BD}
		{334D7CCA-9BEB-4A79-B2D4-4B50E1A8274F} = {334D7CCA-9BEB-4A79-B2D4-4B50E1A8274F}
	EndProjectSection
EndProject
Project("{FAE04EC0-301F-11D3-BF4B-00C04F79EFBC}") = "ApplicationDll", "ApplicationDll\ApplicationDll.csproj", "{FCFAB17B-AB3B-4BD9-AA95-0734CBB3AB7E}"
	ProjectSection(ProjectDependencies) = postProject
		{FD7E8A18-664A-4D41-BA0E-3E4AA0EAD4FF} = {FD7E8A18-664A-4D41-BA0E-3E4AA0EAD4FF}
		{5BE06B86-17BF-4AA3-BDDB-D41F4898C2BD} = {5BE06B86-17BF-4AA3-BDDB-D41F4898C2BD}
		{334D7CCA-9BEB-4A79-B2D4-4B50E1A8274F} = {334D7CCA-9BEB-4A79-B2D4-4B50E1A8274F}
	EndProjectSection
EndProject
Project("{8BC9CEB8-8B4A-11D0-8D11-00A0C91BC942}") = "ThreadManager", "ThreadManager\ThreadManager.vcproj", "{5BE06B86-17BF-4AA3-BDDB-D41F4898C2BD}"
EndProject
Global
	GlobalSection(SolutionConfigurationPlatforms) = preSolution
		Debug|x64 = Debug|x64
		Debug|x86 = Debug|x86
		Release|x64 = Release|x64
		Release|x86 = Release|x86
	EndGlobalSection
	GlobalSection(ProjectConfigurationPlatforms) = postSolution
		{FD7E8A18-664A-4D41-BA0E-3E4AA0EAD4FF}.Debug|x64.ActiveCfg = Debug|x64
		{FD7E8A18-664A-4D41-BA0E-3E4AA0EAD4FF}.Debug|x64.Build.0 = Debug|x64
		{FD7E8A18-664A-4D41-BA0E-3E4AA0EAD4FF}.Debug|x86.ActiveCfg = Debug|Win32
		{FD7E8A18-664A-4D41-BA0E-3E4AA0EAD4FF}.Debug|x86.Build.0 = Debug|Win32
		{FD7E8A18-664A-4D41-BA0E-3E4AA0EAD4FF}.Release|x64.ActiveCfg = Release|x64
		{FD7E8A18-664A-4D41-BA0E-3E4AA0EAD4FF}.Release|x64.Build.0 = Release|x64
		{FD7E8A18-664A-4D41-BA0E-3E4AA0EAD4FF}.Release|x86.ActiveCfg = Release|Win32
		{FD7E8A18-664A-4D41-BA0E-3E4AA0EAD4FF}.Release|x86.Build.0 = Release|Win32
		{4805C5C8-7E36-43C9-B987-2C40C3AD0F36}.Debug|x64.ActiveCfg = Debug|x64
		{4805C5C8-7E36-43C9-B987-2C40C3AD0F36}.Debug|x64.Build.0 = Debug|x64
		{4805C5C8-7E36-43C9-B987-2C40C3AD0F36}.Debug|x86.ActiveCfg = Debug|Win32
		{4805C5C8-7E36-43C9-B987-2C40C3AD0F36}.Debug|x86.Build.0 = Debug|Win32
		{4805C5C8-7E36-43C9-B987-2C40C3AD0F36}.Release|x64.ActiveCfg = Release|x64
		{4805C5C8-7E36-43C9-B987-2C40C3AD0F36}.Release|x64.Build.0 = Release|x64
		{4805C5C8-7E36-43C9-B987-2C40C3AD0F36}.Release|x86.ActiveCfg = Release|Win32
		{4805C5C8-7E36-43C9-B987-2C40C3AD0F36}.Release|x86.Build.0 = Release|Win32
		{334D7CCA-9BEB-4A79-B2D4-4B50E1A8274F}.Debug|x64.ActiveCfg = Debug|x64
		{334D7CCA-9BEB-4A79-B2D4-4B50E1A8274F}.Debug|x64.Build.0 = Debug|x64
		{334D7CCA-9BEB-4A79-B2D4-4B50E1A8274F}.Debug|x86.ActiveCfg = Debug|Win32
		{334D7CCA-9BEB-4A79-B2D4-4B50E1A8274F}.Debug|x86.Build.0 = Debug|Win32
		{334D7CCA-9BEB-4A79-B2D4-4B50E1A8274F}.Release|x64.ActiveCfg = Release|x64
		{334D7CCA-9BEB-4A79-B2D4-4B50E1A8274F}.Release|x64.Build.0 = Release|x64
		{334D7CCA-9BEB-4A79-B2D4-4B50E1A8274F}.Release|x86.ActiveCfg = Release|Win32
		{334D7CCA-9BEB-4A79-B2D4-4B50E1A8274F}.Release|x86.Build.0 = Release|Win32
		{101D19EB-1EE3-4F07-B5DB-B9AD8EE485E1}.Debug|x64.ActiveCfg = Debug|x64
		{101D19EB-1EE3-4F07-B5DB-B9AD8EE485E1}.Debug|x64.Build.0 = Debug|x64
		{101D19EB-1EE3-4F07-B5DB-B9AD8EE485E1}.Debug|x86.ActiveCfg = Debug|x86
		{101D19EB-1EE3-4F07-B5DB-B9AD8EE485E1}.Debug|x86.Build.0 = Debug|x86
		{101D19EB-1EE3-4F07-B5DB-B9AD8EE485E1}.Release|x64.ActiveCfg = Release|x64
		{101D19EB-1EE3-4F07-B5DB-B9AD8EE485E1}.Release|x64.Build.0 = Release|x64
		{101D19EB-1EE3-4F07-B5DB-B9AD8EE485E1}.Release|x86.ActiveCfg = Release|x86
		{101D19EB-1EE3-4F07-B5DB-B9AD8EE485E1}.Release|x86.Build.0 = Release|x86
		{FCFAB17B-AB3B-4BD9-AA95-0734CBB3AB7E}.Debug|x64.ActiveCfg = Debug|x64
		{FCFAB17B-AB3B-4BD9-AA95-0734CBB3AB7E}.Debug|x64.Build.0 = Debug|x64
		{FCFAB17B-AB3B-4BD9-AA95-0734CBB3AB7E}.Debug|x86.ActiveCfg = Debug|x86
		{FCFAB17B-AB3B-4BD9-AA95-0734CBB3AB7E}.Debug|x86.Build.0 = Debug|x86
		{FCFAB17B-AB3B-4BD9-AA95-0734CBB3AB7E}.Release|x64.ActiveCfg = Release|x64
		{FCFAB17B-AB3B-4BD9-AA95-0734CBB3AB7E}.Release|x64.Build.0 = Release|x64
		{FCFAB17B-AB3B-4BD9-AA95-0734CBB3AB7E}.Release|x86.ActiveCfg = Release|x86
		{FCFAB17B-AB3B-4BD9-AA95-0734CBB3AB7E}.Release|x86.Build.0 = Release|x86
		{5BE06B86-17BF-4AA3-BDDB-D41F4898C2BD}.Debug|x64.ActiveCfg = Debug|x64
		{5BE06B86-17BF-4AA3-BDDB-D41F4898C2BD}.Debug|x64.Build.0 = Debug|x64
		{5BE06B86-17BF-4AA3-BDDB-D41F4898C2BD}.Debug|x86.ActiveCfg = Debug|Win32
		{5BE06B86-17BF-4AA3-BDDB-D41F4898C2BD}.Debug|x86.Build.0 = Debug|Win32
		{5BE06B86-17BF-4AA3-BDDB-D41F4898C2BD}.Release|x64.ActiveCfg = Release|x64
		{5BE06B86-17BF-4AA3-BDDB-D41F4898C2BD}.Release|x64.Build.0 = Release|x64
		{5BE06B86-17BF-4AA3-BDDB-D41F4898C2BD}.Release|x86.ActiveCfg = Release|Win32
		{5BE06B86-17BF-4AA3-BDDB-D41F4898C2BD}.Release|x86.Build.0 = Release|Win32
	EndGlobalSection
	GlobalSection(SolutionProperties) = preSolution
		HideSolutionNode = FALSE
	EndGlobalSection
EndGlobal
